// !$*UTF8*$!
{
	archiveVersion = 1;
	classes = {
	};
	objectVersion = 46;
	objects = {

/* Begin PBXBuildFile section */
		C65E26D81CDD8200003E5D42 /* SentMemesCollectionViewController.swift in Sources */ = {isa = PBXBuildFile; fileRef = C65E26D71CDD8200003E5D42 /* SentMemesCollectionViewController.swift */; };
		C65E26DA1CDD8216003E5D42 /* SentMemesTableViewController.swift in Sources */ = {isa = PBXBuildFile; fileRef = C65E26D91CDD8216003E5D42 /* SentMemesTableViewController.swift */; };
		C65E26DC1CDDA1BA003E5D42 /* MemesCollectionViewCell.swift in Sources */ = {isa = PBXBuildFile; fileRef = C65E26DB1CDDA1BA003E5D42 /* MemesCollectionViewCell.swift */; };
		C6B477721CDDAF1900C47042 /* MemeDetailViewController.swift in Sources */ = {isa = PBXBuildFile; fileRef = C6B477711CDDAF1900C47042 /* MemeDetailViewController.swift */; };
		C6B8AA441CE9CA53000FEABD /* FontSelectViewController.swift in Sources */ = {isa = PBXBuildFile; fileRef = C6B8AA431CE9CA53000FEABD /* FontSelectViewController.swift */; };
		C6FA0A711CD6DCF500C4F638 /* AppDelegate.swift in Sources */ = {isa = PBXBuildFile; fileRef = C6FA0A701CD6DCF500C4F638 /* AppDelegate.swift */; };
		C6FA0A731CD6DCF500C4F638 /* MemeEditorViewController.swift in Sources */ = {isa = PBXBuildFile; fileRef = C6FA0A721CD6DCF500C4F638 /* MemeEditorViewController.swift */; };
		C6FA0A761CD6DCF500C4F638 /* Main.storyboard in Resources */ = {isa = PBXBuildFile; fileRef = C6FA0A741CD6DCF500C4F638 /* Main.storyboard */; };
		C6FA0A781CD6DCF500C4F638 /* Assets.xcassets in Resources */ = {isa = PBXBuildFile; fileRef = C6FA0A771CD6DCF500C4F638 /* Assets.xcassets */; };
		C6FA0A7B1CD6DCF500C4F638 /* LaunchScreen.storyboard in Resources */ = {isa = PBXBuildFile; fileRef = C6FA0A791CD6DCF500C4F638 /* LaunchScreen.storyboard */; };
		C6FA0A831CD975B200C4F638 /* Meme.swift in Sources */ = {isa = PBXBuildFile; fileRef = C6FA0A821CD975B200C4F638 /* Meme.swift */; };
/* End PBXBuildFile section */

/* Begin PBXFileReference section */
		C65E26D71CDD8200003E5D42 /* SentMemesCollectionViewController.swift */ = {isa = PBXFileReference; fileEncoding = 4; lastKnownFileType = sourcecode.swift; path = SentMemesCollectionViewController.swift; sourceTree = "<group>"; };
		C65E26D91CDD8216003E5D42 /* SentMemesTableViewController.swift */ = {isa = PBXFileReference; fileEncoding = 4; lastKnownFileType = sourcecode.swift; path = SentMemesTableViewController.swift; sourceTree = "<group>"; };
		C65E26DB1CDDA1BA003E5D42 /* MemesCollectionViewCell.swift */ = {isa = PBXFileReference; fileEncoding = 4; lastKnownFileType = sourcecode.swift; path = MemesCollectionViewCell.swift; sourceTree = "<group>"; };
		C6B477711CDDAF1900C47042 /* MemeDetailViewController.swift */ = {isa = PBXFileReference; fileEncoding = 4; lastKnownFileType = sourcecode.swift; path = MemeDetailViewController.swift; sourceTree = "<group>"; };
		C6B8AA431CE9CA53000FEABD /* FontSelectViewController.swift */ = {isa = PBXFileReference; fileEncoding = 4; lastKnownFileType = sourcecode.swift; path = FontSelectViewController.swift; sourceTree = "<group>"; };
		C6FA0A6D1CD6DCF500C4F638 /* MemeMe.app */ = {isa = PBXFileReference; explicitFileType = wrapper.application; includeInIndex = 0; path = MemeMe.app; sourceTree = BUILT_PRODUCTS_DIR; };
		C6FA0A701CD6DCF500C4F638 /* AppDelegate.swift */ = {isa = PBXFileReference; lastKnownFileType = sourcecode.swift; path = AppDelegate.swift; sourceTree = "<group>"; };
		C6FA0A721CD6DCF500C4F638 /* MemeEditorViewController.swift */ = {isa = PBXFileReference; lastKnownFileType = sourcecode.swift; path = MemeEditorViewController.swift; sourceTree = "<group>"; };
		C6FA0A751CD6DCF500C4F638 /* Base */ = {isa = PBXFileReference; lastKnownFileType = file.storyboard; name = Base; path = Base.lproj/Main.storyboard; sourceTree = "<group>"; };
		C6FA0A771CD6DCF500C4F638 /* Assets.xcassets */ = {isa = PBXFileReference; lastKnownFileType = folder.assetcatalog; path = Assets.xcassets; sourceTree = "<group>"; };
		C6FA0A7A1CD6DCF500C4F638 /* Base */ = {isa = PBXFileReference; lastKnownFileType = file.storyboard; name = Base; path = Base.lproj/LaunchScreen.storyboard; sourceTree = "<group>"; };
		C6FA0A7C1CD6DCF500C4F638 /* Info.plist */ = {isa = PBXFileReference; lastKnownFileType = text.plist.xml; path = Info.plist; sourceTree = "<group>"; };
		C6FA0A821CD975B200C4F638 /* Meme.swift */ = {isa = PBXFileReference; fileEncoding = 4; lastKnownFileType = sourcecode.swift; path = Meme.swift; sourceTree = "<group>"; };
/* End PBXFileReference section */

/* Begin PBXFrameworksBuildPhase section */
		C6FA0A6A1CD6DCF500C4F638 /* Frameworks */ = {
			isa = PBXFrameworksBuildPhase;
			buildActionMask = 2147483647;
			files = (
			);
			runOnlyForDeploymentPostprocessing = 0;
		};
/* End PBXFrameworksBuildPhase section */

/* Begin PBXGroup section */
		C6FA0A641CD6DCF400C4F638 = {
			isa = PBXGroup;
			children = (
				C6FA0A6F1CD6DCF500C4F638 /* MemeMe */,
				C6FA0A6E1CD6DCF500C4F638 /* Products */,
			);
			sourceTree = "<group>";
		};
		C6FA0A6E1CD6DCF500C4F638 /* Products */ = {
			isa = PBXGroup;
			children = (
				C6FA0A6D1CD6DCF500C4F638 /* MemeMe.app */,
			);
			name = Products;
			sourceTree = "<group>";
		};
		C6FA0A6F1CD6DCF500C4F638 /* MemeMe */ = {
			isa = PBXGroup;
			children = (
				C6FA0A701CD6DCF500C4F638 /* AppDelegate.swift */,
				C6FA0A821CD975B200C4F638 /* Meme.swift */,
				C65E26DB1CDDA1BA003E5D42 /* MemesCollectionViewCell.swift */,
				C6B477711CDDAF1900C47042 /* MemeDetailViewController.swift */,
				C6FA0A721CD6DCF500C4F638 /* MemeEditorViewController.swift */,
				C6B8AA431CE9CA53000FEABD /* FontSelectViewController.swift */,
				C65E26D71CDD8200003E5D42 /* SentMemesCollectionViewController.swift */,
				C65E26D91CDD8216003E5D42 /* SentMemesTableViewController.swift */,
				C6FA0A741CD6DCF500C4F638 /* Main.storyboard */,
				C6FA0A771CD6DCF500C4F638 /* Assets.xcassets */,
				C6FA0A791CD6DCF500C4F638 /* LaunchScreen.storyboard */,
				C6FA0A7C1CD6DCF500C4F638 /* Info.plist */,
			);
			path = MemeMe;
			sourceTree = "<group>";
		};
/* End PBXGroup section */

/* Begin PBXNativeTarget section */
		C6FA0A6C1CD6DCF500C4F638 /* MemeMe */ = {
			isa = PBXNativeTarget;
			buildConfigurationList = C6FA0A7F1CD6DCF500C4F638 /* Build configuration list for PBXNativeTarget "MemeMe" */;
			buildPhases = (
				C6FA0A691CD6DCF500C4F638 /* Sources */,
				C6FA0A6A1CD6DCF500C4F638 /* Frameworks */,
				C6FA0A6B1CD6DCF500C4F638 /* Resources */,
			);
			buildRules = (
			);
			dependencies = (
			);
			name = MemeMe;
			productName = MemeMe;
			productReference = C6FA0A6D1CD6DCF500C4F638 /* MemeMe.app */;
			productType = "com.apple.product-type.application";
		};
/* End PBXNativeTarget section */

/* Begin PBXProject section */
		C6FA0A651CD6DCF500C4F638 /* Project object */ = {
			isa = PBXProject;
			attributes = {
				LastSwiftUpdateCheck = 0730;
				LastUpgradeCheck = 0730;
				ORGANIZATIONNAME = kishidak;
				TargetAttributes = {
					C6FA0A6C1CD6DCF500C4F638 = {
						CreatedOnToolsVersion = 7.3;
						DevelopmentTeam = V5R2C8MBT3;
					};
				};
			};
			buildConfigurationList = C6FA0A681CD6DCF500C4F638 /* Build configuration list for PBXProject "MemeMe" */;
			compatibilityVersion = "Xcode 3.2";
			developmentRegion = English;
			hasScannedForEncodings = 0;
			knownRegions = (
				en,
				Base,
			);
			mainGroup = C6FA0A641CD6DCF400C4F638;
			productRefGroup = C6FA0A6E1CD6DCF500C4F638 /* Products */;
			projectDirPath = "";
			projectRoot = "";
			targets = (
				C6FA0A6C1CD6DCF500C4F638 /* MemeMe */,
			);
		};
/* End PBXProject section */

/* Begin PBXResourcesBuildPhase section */
		C6FA0A6B1CD6DCF500C4F638 /* Resources */ = {
			isa = PBXResourcesBuildPhase;
			buildActionMask = 2147483647;
			files = (
				C6FA0A7B1CD6DCF500C4F638 /* LaunchScreen.storyboard in Resources */,
				C6FA0A781CD6DCF500C4F638 /* Assets.xcassets in Resources */,
				C6FA0A761CD6DCF500C4F638 /* Main.storyboard in Resources */,
			);
			runOnlyForDeploymentPostprocessing = 0;
		};
/* End PBXResourcesBuildPhase section */

/* Begin PBXSourcesBuildPhase section */
		C6FA0A691CD6DCF500C4F638 /* Sources */ = {
			isa = PBXSourcesBuildPhase;
			buildActionMask = 2147483647;
			files = (
				C65E26D81CDD8200003E5D42 /* SentMemesCollectionViewController.swift in Sources */,
				C6FA0A831CD975B200C4F638 /* Meme.swift in Sources */,
				C6FA0A731CD6DCF500C4F638 /* MemeEditorViewController.swift in Sources */,
				C65E26DC1CDDA1BA003E5D42 /* MemesCollectionViewCell.swift in Sources */,
				C6B477721CDDAF1900C47042 /* MemeDetailViewController.swift in Sources */,
				C65E26DA1CDD8216003E5D42 /* SentMemesTableViewController.swift in Sources */,
				C6FA0A711CD6DCF500C4F638 /* AppDelegate.swift in Sources */,
				C6B8AA441CE9CA53000FEABD /* FontSelectViewController.swift in Sources */,
			);
			runOnlyForDeploymentPostprocessing = 0;
		};
/* End PBXSourcesBuildPhase section */

/* Begin PBXVariantGroup section */
		C6FA0A741CD6DCF500C4F638 /* Main.storyboard */ = {
			isa = PBXVariantGroup;
			children = (
				C6FA0A751CD6DCF500C4F638 /* Base */,
			);
			name = Main.storyboard;
			sourceTree = "<group>";
		};
		C6FA0A791CD6DCF500C4F638 /* LaunchScreen.storyboard */ = {
			isa = PBXVariantGroup;
			children = (
				C6FA0A7A1CD6DCF500C4F638 /* Base */,
			);
			name = LaunchScreen.storyboard;
			sourceTree = "<group>";
		};
/* End PBXVariantGroup section */

/* Begin XCBuildConfiguration section */
		C6FA0A7D1CD6DCF500C4F638 /* Debug */ = {
			isa = XCBuildConfiguration;
			buildSettings = {
				ALWAYS_SEARCH_USER_PATHS = NO;
				CLANG_ANALYZER_NONNULL = YES;
				CLANG_CXX_LANGUAGE_STANDARD = "gnu++0x";
				CLANG_CXX_LIBRARY = "libc++";
				CLANG_ENABLE_MODULES = YES;
				CLANG_ENABLE_OBJC_ARC = YES;
				CLANG_WARN_BOOL_CONVERSION = YES;
				CLANG_WARN_CONSTANT_CONVERSION = YES;
				CLANG_WARN_DIRECT_OBJC_ISA_USAGE = YES_ERROR;
				CLANG_WARN_EMPTY_BODY = YES;
				CLANG_WARN_ENUM_CONVERSION = YES;
				CLANG_WARN_INT_CONVERSION = YES;
				CLANG_WARN_OBJC_ROOT_CLASS = YES_ERROR;
				CLANG_WARN_UNREACHABLE_CODE = YES;
				CLANG_WARN__DUPLICATE_METHOD_MATCH = YES;
				"CODE_SIGN_IDENTITY[sdk=iphoneos*]" = "iPhone Developer";
				COPY_PHASE_STRIP = NO;
				DEBUG_INFORMATION_FORMAT = dwarf;
				ENABLE_STRICT_OBJC_MSGSEND = YES;
				ENABLE_TESTABILITY = YES;
				GCC_C_LANGUAGE_STANDARD = gnu99;
				GCC_DYNAMIC_NO_PIC = NO;
				GCC_NO_COMMON_BLOCKS = YES;
				GCC_OPTIMIZATION_LEVEL = 0;
				GCC_PREPROCESSOR_DEFINITIONS = (
					"DEBUG=1",
					"$(inherited)",
				);
				GCC_WARN_64_TO_32_BIT_CONVERSION = YES;
				GCC_WARN_ABOUT_RETURN_TYPE = YES_ERROR;
				GCC_WARN_UNDECLARED_SELECTOR = YES;
				GCC_WARN_UNINITIALIZED_AUTOS = YES_AGGRESSIVE;
				GCC_WARN_UNUSED_FUNCTION = YES;
				GCC_WARN_UNUSED_VARIABLE = YES;
				IPHONEOS_DEPLOYMENT_TARGET = 9.3;
				MTL_ENABLE_DEBUG_INFO = YES;
				ONLY_ACTIVE_ARCH = YES;
				SDKROOT = iphoneos;
				SWIFT_OPTIMIZATION_LEVEL = "-Onone";
				TARGETED_DEVICE_FAMILY = "1,2";
			};
			name = Debug;
		};
		C6FA0A7E1CD6DCF500C4F638 /* Release */ = {
			isa = XCBuildConfiguration;
			buildSettings = {
				ALWAYS_SEARCH_USER_PATHS = NO;
				CLANG_ANALYZER_NONNULL = YES;
				CLANG_CXX_LANGUAGE_STANDARD = "gnu++0x";
				CLANG_CXX_LIBRARY = "libc++";
				CLANG_ENABLE_MODULES = YES;
				CLANG_ENABLE_OBJC_ARC = YES;
				CLANG_WARN_BOOL_CONVERSION = YES;
				CLANG_WARN_CONSTANT_CONVERSION = YES;
				CLANG_WARN_DIRECT_OBJC_ISA_USAGE = YES_ERROR;
				CLANG_WARN_EMPTY_BODY = YES;
				CLANG_WARN_ENUM_CONVERSION = YES;
				CLANG_WARN_INT_CONVERSION = YES;
				CLANG_WARN_OBJC_ROOT_CLASS = YES_ERROR;
				CLANG_WARN_UNREACHABLE_CODE = YES;
				CLANG_WARN__DUPLICATE_METHOD_MATCH = YES;
				"CODE_SIGN_IDENTITY[sdk=iphoneos*]" = "iPhone Developer";
				COPY_PHASE_STRIP = NO;
				DEBUG_INFORMATION_FORMAT = "dwarf-with-dsym";
				ENABLE_NS_ASSERTIONS = NO;
				ENABLE_STRICT_OBJC_MSGSEND = YES;
				GCC_C_LANGUAGE_STANDARD = gnu99;
				GCC_NO_COMMON_BLOCKS = YES;
				GCC_WARN_64_TO_32_BIT_CONVERSION = YES;
				GCC_WARN_ABOUT_RETURN_TYPE = YES_ERROR;
				GCC_WARN_UNDECLARED_SELECTOR = YES;
				GCC_WARN_UNINITIALIZED_AUTOS = YES_AGGRESSIVE;
				GCC_WARN_UNUSED_FUNCTION = YES;
				GCC_WARN_UNUSED_VARIABLE = YES;
				IPHONEOS_DEPLOYMENT_TARGET = 9.3;
				MTL_ENABLE_DEBUG_INFO = NO;
				SDKROOT = iphoneos;
				TARGETED_DEVICE_FAMILY = "1,2";
				VALIDATE_PRODUCT = YES;
			};
			name = Release;
		};
		C6FA0A801CD6DCF500C4F638 /* Debug */ = {
			isa = XCBuildConfiguration;
			buildSettings = {
				ASSETCATALOG_COMPILER_APPICON_NAME = AppIcon;
				INFOPLIST_FILE = MemeMe/Info.plist;
				LD_RUNPATH_SEARCH_PATHS = "$(inherited) @executable_path/Frameworks";
				PRODUCT_BUNDLE_IDENTIFIER = kishidak.MemeMe;
				PRODUCT_NAME = "$(TARGET_NAME)";
			};
			name = Debug;
		};
		C6FA0A811CD6DCF500C4F638 /* Release */ = {
			isa = XCBuildConfiguration;
			buildSettings = {
				ASSETCATALOG_COMPILER_APPICON_NAME = AppIcon;
				INFOPLIST_FILE = MemeMe/Info.plist;
				LD_RUNPATH_SEARCH_PATHS = "$(inherited) @executable_path/Frameworks";
				PRODUCT_BUNDLE_IDENTIFIER = kishidak.MemeMe;
				PRODUCT_NAME = "$(TARGET_NAME)";
			};
			name = Release;
		};
/* End XCBuildConfiguration section */

/* Begin XCConfigurationList section */
		C6FA0A681CD6DCF500C4F638 /* Build configuration list for PBXProject "MemeMe" */ = {
			isa = XCConfigurationList;
			buildConfigurations = (
				C6FA0A7D1CD6DCF500C4F638 /* Debug */,
				C6FA0A7E1CD6DCF500C4F638 /* Release */,
			);
			defaultConfigurationIsVisible = 0;
			defaultConfigurationName = Release;
		};
		C6FA0A7F1CD6DCF500C4F638 /* Build configuration list for PBXNativeTarget "MemeMe" */ = {
			isa = XCConfigurationList;
			buildConfigurations = (
				C6FA0A801CD6DCF500C4F638 /* Debug */,
				C6FA0A811CD6DCF500C4F638 /* Release */,
			);
			defaultConfigurationIsVisible = 0;
			defaultConfigurationName = Release;
		};
/* End XCConfigurationList section */
	};
	rootObject = C6FA0A651CD6DCF500C4F638 /* Project object */;
}
